
Microsoft Visual Studio Solution File, Format Version 12.00
Project("{FAE04EC0-301F-11D3-BF4B-00C04F79EFBC}") = "HIVMedicalSystem.WPFApplication", "HIVMedicalSystem.WPFApplication\HIVMedicalSystem.WPFApplication.csproj", "{4DD2B71F-FBE3-42D2-A9B6-27D86CC248EC}"
EndProject
Project("{2150E333-8FDC-42A3-9474-1A3956D46DE8}") = "src", "src", "{D46E80E9-C079-4B07-A8D4-7FD4FE93AB63}"
EndProject
Project("{2150E333-8FDC-42A3-9474-1A3956D46DE8}") = "Application", "Application", "{9488ADA9-1F75-4255-A8E0-07D987F1034D}"
EndProject
Project("{2150E333-8FDC-42A3-9474-1A3956D46DE8}") = "test", "test", "{7E645113-837C-4C93-B486-A37FA796DDA7}"
EndProject
Project("{FAE04EC0-301F-11D3-BF4B-00C04F79EFBC}") = "HIVMedicalSystem.Domain", "HIVMedicalSystem.Domain\HIVMedicalSystem.Domain.csproj", "{F3E94EE2-8EF9-4323-B1AA-2BF828A9A584}"
EndProject
Project("{2150E333-8FDC-42A3-9474-1A3956D46DE8}") = "Domain", "Domain", "{6E18D7A4-763E-4C7F-8359-39DFE79F11F7}"
EndProject
Project("{2150E333-8FDC-42A3-9474-1A3956D46DE8}") = "Repository", "Repository", "{EF0E02FC-21C2-48AF-990C-4D4DC9A69E8E}"
EndProject
Project("{FAE04EC0-301F-11D3-BF4B-00C04F79EFBC}") = "HIVMedicalSystem.Repository", "HIVMedicalSystem.Repository\HIVMedicalSystem.Repository.csproj", "{330A8302-1E19-4C8F-98D3-563F95EDC25A}"
EndProject
Project("{2150E333-8FDC-42A3-9474-1A3956D46DE8}") = "Service", "Service", "{6F005DD2-C51B-4271-B384-5E515B3531FD}"
EndProject
Project("{FAE04EC0-301F-11D3-BF4B-00C04F79EFBC}") = "HIVMedicalSystem.Service", "HIVMedicalSystem.Service\HIVMedicalSystem.Service.csproj", "{B84B392A-770B-4F72-9E67-F698609C039E}"
EndProject
Project("{FAE04EC0-301F-11D3-BF4B-00C04F79EFBC}") = "HIVMedicalSystem.DTOs", "HIVMedicalSystem.DTOs\HIVMedicalSystem.DTOs.csproj", "{6F658EA5-FC4A-44A4-9749-1A24EC0073C7}"
EndProject
Global
	GlobalSection(SolutionConfigurationPlatforms) = preSolution
		Debug|Any CPU = Debug|Any CPU
		Release|Any CPU = Release|Any CPU
	EndGlobalSection
	GlobalSection(ProjectConfigurationPlatforms) = postSolution
		{4DD2B71F-FBE3-42D2-A9B6-27D86CC248EC}.Debug|Any CPU.ActiveCfg = Debug|Any CPU
		{4DD2B71F-FBE3-42D2-A9B6-27D86CC248EC}.Debug|Any CPU.Build.0 = Debug|Any CPU
		{4DD2B71F-FBE3-42D2-A9B6-27D86CC248EC}.Release|Any CPU.ActiveCfg = Release|Any CPU
		{4DD2B71F-FBE3-42D2-A9B6-27D86CC248EC}.Release|Any CPU.Build.0 = Release|Any CPU
		{F3E94EE2-8EF9-4323-B1AA-2BF828A9A584}.Debug|Any CPU.ActiveCfg = Debug|Any CPU
		{F3E94EE2-8EF9-4323-B1AA-2BF828A9A584}.Debug|Any CPU.Build.0 = Debug|Any CPU
		{F3E94EE2-8EF9-4323-B1AA-2BF828A9A584}.Release|Any CPU.ActiveCfg = Release|Any CPU
		{F3E94EE2-8EF9-4323-B1AA-2BF828A9A584}.Release|Any CPU.Build.0 = Release|Any CPU
		{330A8302-1E19-4C8F-98D3-563F95EDC25A}.Debug|Any CPU.ActiveCfg = Debug|Any CPU
		{330A8302-1E19-4C8F-98D3-563F95EDC25A}.Debug|Any CPU.Build.0 = Debug|Any CPU
		{330A8302-1E19-4C8F-98D3-563F95EDC25A}.Release|Any CPU.ActiveCfg = Release|Any CPU
		{330A8302-1E19-4C8F-98D3-563F95EDC25A}.Release|Any CPU.Build.0 = Release|Any CPU
		{B84B392A-770B-4F72-9E67-F698609C039E}.Debug|Any CPU.ActiveCfg = Debug|Any CPU
		{B84B392A-770B-4F72-9E67-F698609C039E}.Debug|Any CPU.Build.0 = Debug|Any CPU
		{B84B392A-770B-4F72-9E67-F698609C039E}.Release|Any CPU.ActiveCfg = Release|Any CPU
		{B84B392A-770B-4F72-9E67-F698609C039E}.Release|Any CPU.Build.0 = Release|Any CPU
		{6F658EA5-FC4A-44A4-9749-1A24EC0073C7}.Debug|Any CPU.ActiveCfg = Debug|Any CPU
		{6F658EA5-FC4A-44A4-9749-1A24EC0073C7}.Debug|Any CPU.Build.0 = Debug|Any CPU
		{6F658EA5-FC4A-44A4-9749-1A24EC0073C7}.Release|Any CPU.ActiveCfg = Release|Any CPU
		{6F658EA5-FC4A-44A4-9749-1A24EC0073C7}.Release|Any CPU.Build.0 = Release|Any CPU
	EndGlobalSection
	GlobalSection(NestedProjects) = preSolution
		{9488ADA9-1F75-4255-A8E0-07D987F1034D} = {D46E80E9-C079-4B07-A8D4-7FD4FE93AB63}
		{4DD2B71F-FBE3-42D2-A9B6-27D86CC248EC} = {9488ADA9-1F75-4255-A8E0-07D987F1034D}
		{6E18D7A4-763E-4C7F-8359-39DFE79F11F7} = {D46E80E9-C079-4B07-A8D4-7FD4FE93AB63}
		{F3E94EE2-8EF9-4323-B1AA-2BF828A9A584} = {6E18D7A4-763E-4C7F-8359-39DFE79F11F7}
		{EF0E02FC-21C2-48AF-990C-4D4DC9A69E8E} = {D46E80E9-C079-4B07-A8D4-7FD4FE93AB63}
		{330A8302-1E19-4C8F-98D3-563F95EDC25A} = {EF0E02FC-21C2-48AF-990C-4D4DC9A69E8E}
		{6F005DD2-C51B-4271-B384-5E515B3531FD} = {D46E80E9-C079-4B07-A8D4-7FD4FE93AB63}
		{B84B392A-770B-4F72-9E67-F698609C039E} = {6F005DD2-C51B-4271-B384-5E515B3531FD}
		{6F658EA5-FC4A-44A4-9749-1A24EC0073C7} = {EF0E02FC-21C2-48AF-990C-4D4DC9A69E8E}
	EndGlobalSection
EndGlobal
